
Microsoft Visual Studio Solution File, Format Version 12.00
# Visual Studio Version 17
VisualStudioVersion = 17.11.35312.102
MinimumVisualStudioVersion = 10.0.40219.1
Project("{2150E333-8FDC-42A3-9474-1A3956D46DE8}") = "Task0", "Task0", "{C1B748D3-9EDF-4C8C-8700-2583B12F91DD}"
EndProject
Project("{9A19103F-16F7-4668-BE54-9A1E7A4F7556}") = "Tyuiu.MasalimovTR.Sprint0.Task0.V0", "Tyuiu.MasalimovTR.Sprint0.Task0.V0\Tyuiu.MasalimovTR.Sprint0.Task0.V0.csproj", "{BF54441B-BFF3-4F68-A410-776F211C8C4F}"
EndProject
Project("{2150E333-8FDC-42A3-9474-1A3956D46DE8}") = "Task1", "Task1", "{6AE663AD-80CB-4ED4-8187-E39CCE70086C}"
EndProject
Project("{9A19103F-16F7-4668-BE54-9A1E7A4F7556}") = "Tyuiu.MasalimovTR.Sprint0.Task1.V0", "Tyuiu.MasalimovTR.Sprint0.Task1.V0\Tyuiu.MasalimovTR.Sprint0.Task1.V0.csproj", "{6DE8F9C1-D53E-4226-AD42-548DEBC50A5E}"
EndProject
Project("{2150E333-8FDC-42A3-9474-1A3956D46DE8}") = "Task2", "Task2", "{F4601E5E-0D45-4919-87C3-0378CDD812CB}"
EndProject
Project("{FAE04EC0-301F-11D3-BF4B-00C04F79EFBC}") = "Tyuiu.MasalimovTR.Sprint0.Task2.V0.Lib", "Tyuiu.MasalimovTR.Sprint0.Task2.V0.Lib\Tyuiu.MasalimovTR.Sprint0.Task2.V0.Lib.csproj", "{B91D7020-E14F-4335-8D83-3EA2D1C656F9}"
EndProject
Project("{FAE04EC0-301F-11D3-BF4B-00C04F79EFBC}") = "Tyuiu.MasalimovTR.Sprint0.Task2.V0.Test", "Tyuiu.MasalimovTR.Sprint0.Task2.V0.Test\Tyuiu.MasalimovTR.Sprint0.Task2.V0.Test.csproj", "{78D9872A-2C14-4A3C-A9AC-09829E719EC1}"
EndProject
Project("{FAE04EC0-301F-11D3-BF4B-00C04F79EFBC}") = "Tyuiu.MasalimovTR.Sprint0.Task2.V0", "Tyuiu.MasalimovTR.Sprint0.Task2.V0\Tyuiu.MasalimovTR.Sprint0.Task2.V0.csproj", "{D2623587-BA0A-434C-9C74-C8A2743FD28C}"
EndProject
Project("{2150E333-8FDC-42A3-9474-1A3956D46DE8}") = "Task3", "Task3", "{D3AB70D7-4C6A-42A8-979C-EA6D7237F186}"
EndProject
Project("{FAE04EC0-301F-11D3-BF4B-00C04F79EFBC}") = "Tyuiu.MasalimovTR.Sprint0.Task3.V0", "Tyuiu.MasalimovTR.Sprint0.Task3.V0\Tyuiu.MasalimovTR.Sprint0.Task3.V0.csproj", "{E4DF341E-E5A7-4B02-ADBE-5695A01C21C7}"
EndProject
Project("{FAE04EC0-301F-11D3-BF4B-00C04F79EFBC}") = "Tyuiu.MasalimovTR.Sprint0.Task3.V0.Test", "Tyuiu.MasalimovTR.Sprint0.Task3.V0.Test\Tyuiu.MasalimovTR.Sprint0.Task3.V0.Test.csproj", "{EB33DF96-6464-46BC-800E-73DD32734DDF}"
EndProject
Project("{FAE04EC0-301F-11D3-BF4B-00C04F79EFBC}") = "Tyuiu.MasalimovTR.Sprint0.Task3.V0.lib", "Tyuiu.MasalimovTR.Sprint0.Task3.V0.lib\Tyuiu.MasalimovTR.Sprint0.Task3.V0.lib.csproj", "{3DA3757D-A5DD-4CE2-83FB-AAB70D204CB5}"
EndProject
Project("{2150E333-8FDC-42A3-9474-1A3956D46DE8}") = "Task4", "Task4", "{7A16EEAD-7156-47C2-B43C-FFFC7F5C6F93}"
EndProject
Project("{FAE04EC0-301F-11D3-BF4B-00C04F79EFBC}") = "Tyuiu.MasalimovTR.Sprint0.Task4.V0.Lib", "Tyuiu.MasalimovTR.Sprint0.Task4.V0.Lib\Tyuiu.MasalimovTR.Sprint0.Task4.V0.Lib.csproj", "{5E9CCDB9-CD54-4D41-A0FF-2E8DE08E10FB}"
EndProject
Project("{FAE04EC0-301F-11D3-BF4B-00C04F79EFBC}") = "Tyuiu.MasalimovTR.Sprint0.Task4.V0.Test", "Tyuiu.MasalimovTR.Sprint0.Task4.V0.Test\Tyuiu.MasalimovTR.Sprint0.Task4.V0.Test.csproj", "{36FE71B2-D80A-4B68-A65C-2A91064817B9}"
EndProject
Project("{FAE04EC0-301F-11D3-BF4B-00C04F79EFBC}") = "Tyuiu.MasalimovTR.Sprint0.Task4.V0", "Tyuiu.MasalimovTR.Sprint0.Task4.V0\Tyuiu.MasalimovTR.Sprint0.Task4.V0.csproj", "{7EF5B162-5109-4B94-9D93-BD55A5C633E9}"
EndProject
Project("{2150E333-8FDC-42A3-9474-1A3956D46DE8}") = "Task5", "Task5", "{9D65F65A-C86D-4651-8F0D-3A550430F3B0}"
EndProject
Project("{FAE04EC0-301F-11D3-BF4B-00C04F79EFBC}") = "Tyuiu.MasalimovTR.Sprint0.Task5.V0.Lib", "Tyuiu.MasalimovTR.Sprint0.Task5.V0.Lib\Tyuiu.MasalimovTR.Sprint0.Task5.V0.Lib.csproj", "{65A92E58-FA1E-4F32-BE2D-FE47493A4B28}"
EndProject
Project("{FAE04EC0-301F-11D3-BF4B-00C04F79EFBC}") = "Tyuiu.MasalimovTR.Sprint0.Task5.V0", "Tyuiu.MasalimovTR.Sprint0.Task5.V0\Tyuiu.MasalimovTR.Sprint0.Task5.V0.csproj", "{14586194-3AA9-4EDF-BF0A-65B6430576A2}"
EndProject
Project("{FAE04EC0-301F-11D3-BF4B-00C04F79EFBC}") = "Tyuiu.MasalimovTR.Sprint0.Task5.V0.Test", "Tyuiu.MasalimovTR.Sprint0.Task5.V0.Test\Tyuiu.MasalimovTR.Sprint0.Task5.V0.Test.csproj", "{4695E328-2181-4F36-9F2E-702E8DDC57A9}"
EndProject
Project("{2150E333-8FDC-42A3-9474-1A3956D46DE8}") = "Task6", "Task6", "{CA98FCC6-7643-4C3B-9D97-F825C8AA2B75}"
EndProject
Project("{FAE04EC0-301F-11D3-BF4B-00C04F79EFBC}") = "Tyuiu.MasalimovTR.Sprint0.Task6.V0.Test", "Tyuiu.MasalimovTR.Sprint0.Task6.V0.Test\Tyuiu.MasalimovTR.Sprint0.Task6.V0.Test.csproj", "{387B81E6-4936-4F0F-98BF-F377B9A891AA}"
EndProject
Project("{FAE04EC0-301F-11D3-BF4B-00C04F79EFBC}") = "Tyuiu.MasalimovTR.Sprint0.Task6.V0", "Tyuiu.MasalimovTR.Sprint0.Task6.V0\Tyuiu.MasalimovTR.Sprint0.Task6.V0.csproj", "{6C782172-5787-47A7-97AD-1F21E087D2D3}"
EndProject
Project("{FAE04EC0-301F-11D3-BF4B-00C04F79EFBC}") = "Tyuiu.MasalimovTR.Sprint0.Task6.V0.Lib", "Tyuiu.MasalimovTR.Sprint0.Task6.V0.Lib\Tyuiu.MasalimovTR.Sprint0.Task6.V0.Lib.csproj", "{646F091A-BF3D-4477-A0E4-7732C300449C}"
EndProject
Global
	GlobalSection(SolutionConfigurationPlatforms) = preSolution
		Debug|Any CPU = Debug|Any CPU
		Release|Any CPU = Release|Any CPU
	EndGlobalSection
	GlobalSection(ProjectConfigurationPlatforms) = postSolution
		{BF54441B-BFF3-4F68-A410-776F211C8C4F}.Debug|Any CPU.ActiveCfg = Debug|Any CPU
		{BF54441B-BFF3-4F68-A410-776F211C8C4F}.Debug|Any CPU.Build.0 = Debug|Any CPU
		{BF54441B-BFF3-4F68-A410-776F211C8C4F}.Release|Any CPU.ActiveCfg = Release|Any CPU
		{BF54441B-BFF3-4F68-A410-776F211C8C4F}.Release|Any CPU.Build.0 = Release|Any CPU
		{6DE8F9C1-D53E-4226-AD42-548DEBC50A5E}.Debug|Any CPU.ActiveCfg = Debug|Any CPU
		{6DE8F9C1-D53E-4226-AD42-548DEBC50A5E}.Debug|Any CPU.Build.0 = Debug|Any CPU
		{6DE8F9C1-D53E-4226-AD42-548DEBC50A5E}.Release|Any CPU.ActiveCfg = Release|Any CPU
		{6DE8F9C1-D53E-4226-AD42-548DEBC50A5E}.Release|Any CPU.Build.0 = Release|Any CPU
		{B91D7020-E14F-4335-8D83-3EA2D1C656F9}.Debug|Any CPU.ActiveCfg = Debug|Any CPU
		{B91D7020-E14F-4335-8D83-3EA2D1C656F9}.Debug|Any CPU.Build.0 = Debug|Any CPU
		{B91D7020-E14F-4335-8D83-3EA2D1C656F9}.Release|Any CPU.ActiveCfg = Release|Any CPU
		{B91D7020-E14F-4335-8D83-3EA2D1C656F9}.Release|Any CPU.Build.0 = Release|Any CPU
		{78D9872A-2C14-4A3C-A9AC-09829E719EC1}.Debug|Any CPU.ActiveCfg = Debug|Any CPU
		{78D9872A-2C14-4A3C-A9AC-09829E719EC1}.Debug|Any CPU.Build.0 = Debug|Any CPU
		{78D9872A-2C14-4A3C-A9AC-09829E719EC1}.Release|Any CPU.ActiveCfg = Release|Any CPU
		{78D9872A-2C14-4A3C-A9AC-09829E719EC1}.Release|Any CPU.Build.0 = Release|Any CPU
		{D2623587-BA0A-434C-9C74-C8A2743FD28C}.Debug|Any CPU.ActiveCfg = Debug|Any CPU
		{D2623587-BA0A-434C-9C74-C8A2743FD28C}.Debug|Any CPU.Build.0 = Debug|Any CPU
		{D2623587-BA0A-434C-9C74-C8A2743FD28C}.Release|Any CPU.ActiveCfg = Release|Any CPU
		{D2623587-BA0A-434C-9C74-C8A2743FD28C}.Release|Any CPU.Build.0 = Release|Any CPU
		{E4DF341E-E5A7-4B02-ADBE-5695A01C21C7}.Debug|Any CPU.ActiveCfg = Debug|Any CPU
		{E4DF341E-E5A7-4B02-ADBE-5695A01C21C7}.Debug|Any CPU.Build.0 = Debug|Any CPU
		{E4DF341E-E5A7-4B02-ADBE-5695A01C21C7}.Release|Any CPU.ActiveCfg = Release|Any CPU
		{E4DF341E-E5A7-4B02-ADBE-5695A01C21C7}.Release|Any CPU.Build.0 = Release|Any CPU
		{EB33DF96-6464-46BC-800E-73DD32734DDF}.Debug|Any CPU.ActiveCfg = Debug|Any CPU
		{EB33DF96-6464-46BC-800E-73DD32734DDF}.Debug|Any CPU.Build.0 = Debug|Any CPU
		{EB33DF96-6464-46BC-800E-73DD32734DDF}.Release|Any CPU.ActiveCfg = Release|Any CPU
		{EB33DF96-6464-46BC-800E-73DD32734DDF}.Release|Any CPU.Build.0 = Release|Any CPU
		{3DA3757D-A5DD-4CE2-83FB-AAB70D204CB5}.Debug|Any CPU.ActiveCfg = Debug|Any CPU
		{3DA3757D-A5DD-4CE2-83FB-AAB70D204CB5}.Debug|Any CPU.Build.0 = Debug|Any CPU
		{3DA3757D-A5DD-4CE2-83FB-AAB70D204CB5}.Release|Any CPU.ActiveCfg = Release|Any CPU
		{3DA3757D-A5DD-4CE2-83FB-AAB70D204CB5}.Release|Any CPU.Build.0 = Release|Any CPU
		{5E9CCDB9-CD54-4D41-A0FF-2E8DE08E10FB}.Debug|Any CPU.ActiveCfg = Debug|Any CPU
		{5E9CCDB9-CD54-4D41-A0FF-2E8DE08E10FB}.Debug|Any CPU.Build.0 = Debug|Any CPU
		{5E9CCDB9-CD54-4D41-A0FF-2E8DE08E10FB}.Release|Any CPU.ActiveCfg = Release|Any CPU
		{5E9CCDB9-CD54-4D41-A0FF-2E8DE08E10FB}.Release|Any CPU.Build.0 = Release|Any CPU
		{36FE71B2-D80A-4B68-A65C-2A91064817B9}.Debug|Any CPU.ActiveCfg = Debug|Any CPU
		{36FE71B2-D80A-4B68-A65C-2A91064817B9}.Debug|Any CPU.Build.0 = Debug|Any CPU
		{36FE71B2-D80A-4B68-A65C-2A91064817B9}.Release|Any CPU.ActiveCfg = Release|Any CPU
		{36FE71B2-D80A-4B68-A65C-2A91064817B9}.Release|Any CPU.Build.0 = Release|Any CPU
		{7EF5B162-5109-4B94-9D93-BD55A5C633E9}.Debug|Any CPU.ActiveCfg = Debug|Any CPU
		{7EF5B162-5109-4B94-9D93-BD55A5C633E9}.Debug|Any CPU.Build.0 = Debug|Any CPU
		{7EF5B162-5109-4B94-9D93-BD55A5C633E9}.Release|Any CPU.ActiveCfg = Release|Any CPU
		{7EF5B162-5109-4B94-9D93-BD55A5C633E9}.Release|Any CPU.Build.0 = Release|Any CPU
		{65A92E58-FA1E-4F32-BE2D-FE47493A4B28}.Debug|Any CPU.ActiveCfg = Debug|Any CPU
		{65A92E58-FA1E-4F32-BE2D-FE47493A4B28}.Debug|Any CPU.Build.0 = Debug|Any CPU
		{65A92E58-FA1E-4F32-BE2D-FE47493A4B28}.Release|Any CPU.ActiveCfg = Release|Any CPU
		{65A92E58-FA1E-4F32-BE2D-FE47493A4B28}.Release|Any CPU.Build.0 = Release|Any CPU
		{14586194-3AA9-4EDF-BF0A-65B6430576A2}.Debug|Any CPU.ActiveCfg = Debug|Any CPU
		{14586194-3AA9-4EDF-BF0A-65B6430576A2}.Debug|Any CPU.Build.0 = Debug|Any CPU
		{14586194-3AA9-4EDF-BF0A-65B6430576A2}.Release|Any CPU.ActiveCfg = Release|Any CPU
		{14586194-3AA9-4EDF-BF0A-65B6430576A2}.Release|Any CPU.Build.0 = Release|Any CPU
		{4695E328-2181-4F36-9F2E-702E8DDC57A9}.Debug|Any CPU.ActiveCfg = Debug|Any CPU
		{4695E328-2181-4F36-9F2E-702E8DDC57A9}.Debug|Any CPU.Build.0 = Debug|Any CPU
		{4695E328-2181-4F36-9F2E-702E8DDC57A9}.Release|Any CPU.ActiveCfg = Release|Any CPU
		{4695E328-2181-4F36-9F2E-702E8DDC57A9}.Release|Any CPU.Build.0 = Release|Any CPU
		{387B81E6-4936-4F0F-98BF-F377B9A891AA}.Debug|Any CPU.ActiveCfg = Debug|Any CPU
		{387B81E6-4936-4F0F-98BF-F377B9A891AA}.Debug|Any CPU.Build.0 = Debug|Any CPU
		{387B81E6-4936-4F0F-98BF-F377B9A891AA}.Release|Any CPU.ActiveCfg = Release|Any CPU
		{387B81E6-4936-4F0F-98BF-F377B9A891AA}.Release|Any CPU.Build.0 = Release|Any CPU
		{6C782172-5787-47A7-97AD-1F21E087D2D3}.Debug|Any CPU.ActiveCfg = Debug|Any CPU
		{6C782172-5787-47A7-97AD-1F21E087D2D3}.Debug|Any CPU.Build.0 = Debug|Any CPU
		{6C782172-5787-47A7-97AD-1F21E087D2D3}.Release|Any CPU.ActiveCfg = Release|Any CPU
		{6C782172-5787-47A7-97AD-1F21E087D2D3}.Release|Any CPU.Build.0 = Release|Any CPU
		{646F091A-BF3D-4477-A0E4-7732C300449C}.Debug|Any CPU.ActiveCfg = Debug|Any CPU
		{646F091A-BF3D-4477-A0E4-7732C300449C}.Debug|Any CPU.Build.0 = Debug|Any CPU
		{646F091A-BF3D-4477-A0E4-7732C300449C}.Release|Any CPU.ActiveCfg = Release|Any CPU
		{646F091A-BF3D-4477-A0E4-7732C300449C}.Release|Any CPU.Build.0 = Release|Any CPU
	EndGlobalSection
	GlobalSection(SolutionProperties) = preSolution
		HideSolutionNode = FALSE
	EndGlobalSection
	GlobalSection(NestedProjects) = preSolution
		{BF54441B-BFF3-4F68-A410-776F211C8C4F} = {C1B748D3-9EDF-4C8C-8700-2583B12F91DD}
		{6DE8F9C1-D53E-4226-AD42-548DEBC50A5E} = {6AE663AD-80CB-4ED4-8187-E39CCE70086C}
		{B91D7020-E14F-4335-8D83-3EA2D1C656F9} = {F4601E5E-0D45-4919-87C3-0378CDD812CB}
		{78D9872A-2C14-4A3C-A9AC-09829E719EC1} = {F4601E5E-0D45-4919-87C3-0378CDD812CB}
		{D2623587-BA0A-434C-9C74-C8A2743FD28C} = {F4601E5E-0D45-4919-87C3-0378CDD812CB}
		{E4DF341E-E5A7-4B02-ADBE-5695A01C21C7} = {D3AB70D7-4C6A-42A8-979C-EA6D7237F186}
		{EB33DF96-6464-46BC-800E-73DD32734DDF} = {D3AB70D7-4C6A-42A8-979C-EA6D7237F186}
		{3DA3757D-A5DD-4CE2-83FB-AAB70D204CB5} = {D3AB70D7-4C6A-42A8-979C-EA6D7237F186}
		{5E9CCDB9-CD54-4D41-A0FF-2E8DE08E10FB} = {7A16EEAD-7156-47C2-B43C-FFFC7F5C6F93}
		{36FE71B2-D80A-4B68-A65C-2A91064817B9} = {7A16EEAD-7156-47C2-B43C-FFFC7F5C6F93}
		{7EF5B162-5109-4B94-9D93-BD55A5C633E9} = {7A16EEAD-7156-47C2-B43C-FFFC7F5C6F93}
		{65A92E58-FA1E-4F32-BE2D-FE47493A4B28} = {9D65F65A-C86D-4651-8F0D-3A550430F3B0}
		{14586194-3AA9-4EDF-BF0A-65B6430576A2} = {9D65F65A-C86D-4651-8F0D-3A550430F3B0}
		{4695E328-2181-4F36-9F2E-702E8DDC57A9} = {9D65F65A-C86D-4651-8F0D-3A550430F3B0}
		{387B81E6-4936-4F0F-98BF-F377B9A891AA} = {CA98FCC6-7643-4C3B-9D97-F825C8AA2B75}
		{6C782172-5787-47A7-97AD-1F21E087D2D3} = {CA98FCC6-7643-4C3B-9D97-F825C8AA2B75}
		{646F091A-BF3D-4477-A0E4-7732C300449C} = {CA98FCC6-7643-4C3B-9D97-F825C8AA2B75}
	EndGlobalSection
	GlobalSection(ExtensibilityGlobals) = postSolution
		SolutionGuid = {13D4C077-D0C5-4FB1-9628-5F856A106860}
	EndGlobalSection
EndGlobal
